// !$*UTF8*$!
{
	archiveVersion = 1;
	classes = {
	};
	objectVersion = 54;
	objects = {

/* Begin PBXBuildFile section */
		762562A527E7ED6100B80522 /* ARGroupView.swift in Sources */ = {isa = PBXBuildFile; fileRef = 762562A427E7ED6100B80522 /* ARGroupView.swift */; };
		764E3B122648CDC900DA540E /* ARGroup.swift in Sources */ = {isa = PBXBuildFile; fileRef = 764E3B112648CDC900DA540E /* ARGroup.swift */; };
		764E3B152648D5DF00DA540E /* Files in Frameworks */ = {isa = PBXBuildFile; productRef = 764E3B142648D5DF00DA540E /* Files */; };
		76697564263635FD005B97A7 /* ArchivedApp.swift in Sources */ = {isa = PBXBuildFile; fileRef = 76697563263635FD005B97A7 /* ArchivedApp.swift */; };
		76697566263635FD005B97A7 /* ContentView.swift in Sources */ = {isa = PBXBuildFile; fileRef = 76697565263635FD005B97A7 /* ContentView.swift */; };
		76697568263635FE005B97A7 /* Assets.xcassets in Resources */ = {isa = PBXBuildFile; fileRef = 76697567263635FE005B97A7 /* Assets.xcassets */; };
		7669756B263635FE005B97A7 /* Preview Assets.xcassets in Resources */ = {isa = PBXBuildFile; fileRef = 7669756A263635FE005B97A7 /* Preview Assets.xcassets */; };
		7669757D26364415005B97A7 /* ShellOut.swift in Sources */ = {isa = PBXBuildFile; fileRef = 7669757C26364415005B97A7 /* ShellOut.swift */; };
		76916DCB27E7EEBD000CB6DE /* ARShimCreateGroup.swift in Sources */ = {isa = PBXBuildFile; fileRef = 76916DCA27E7EEBD000CB6DE /* ARShimCreateGroup.swift */; };
		76916DCD27E80A51000CB6DE /* ARNewArchiveView.swift in Sources */ = {isa = PBXBuildFile; fileRef = 76916DCC27E80A51000CB6DE /* ARNewArchiveView.swift */; };
		76952A4127F3DBFE00B4A8FD /* AREditGroupView.swift in Sources */ = {isa = PBXBuildFile; fileRef = 76952A4027F3DBFE00B4A8FD /* AREditGroupView.swift */; };
		76952A4427F407B600B4A8FD /* AREditArchiveView.swift in Sources */ = {isa = PBXBuildFile; fileRef = 76952A4327F407B600B4A8FD /* AREditArchiveView.swift */; };
		76BC2CA12648DAD900A5AAF5 /* ARSetupController.swift in Sources */ = {isa = PBXBuildFile; fileRef = 76BC2CA02648DAD900A5AAF5 /* ARSetupController.swift */; };
		76BC2CA62648E23D00A5AAF5 /* ARCreateGroupView.swift in Sources */ = {isa = PBXBuildFile; fileRef = 76BC2CA52648E23D00A5AAF5 /* ARCreateGroupView.swift */; };
		76DE829327FAB9A100606FD8 /* ARPreferences.swift in Sources */ = {isa = PBXBuildFile; fileRef = 76DE829227FAB9A100606FD8 /* ARPreferences.swift */; };
		76E26E4927E7DE3800095C3C /* VeliaUI in Frameworks */ = {isa = PBXBuildFile; productRef = 76E26E4827E7DE3800095C3C /* VeliaUI */; };
		76E26E4C27E7E16600095C3C /* ARCategories.swift in Sources */ = {isa = PBXBuildFile; fileRef = 76E26E4B27E7E16600095C3C /* ARCategories.swift */; };
		76E490402B79959100FC5BC0 /* ArchivedBanner.png in Resources */ = {isa = PBXBuildFile; fileRef = 76E4903F2B79959100FC5BC0 /* ArchivedBanner.png */; };
		76E490422B7BC46600FC5BC0 /* Screenshot0.png in Resources */ = {isa = PBXBuildFile; fileRef = 76E490412B7BC46600FC5BC0 /* Screenshot0.png */; };
/* End PBXBuildFile section */

/* Begin PBXFileReference section */
		762562A427E7ED6100B80522 /* ARGroupView.swift */ = {isa = PBXFileReference; lastKnownFileType = sourcecode.swift; path = ARGroupView.swift; sourceTree = "<group>"; };
		764E3B112648CDC900DA540E /* ARGroup.swift */ = {isa = PBXFileReference; lastKnownFileType = sourcecode.swift; path = ARGroup.swift; sourceTree = "<group>"; };
		76697560263635FD005B97A7 /* Archived.app */ = {isa = PBXFileReference; explicitFileType = wrapper.application; includeInIndex = 0; path = Archived.app; sourceTree = BUILT_PRODUCTS_DIR; };
		76697563263635FD005B97A7 /* ArchivedApp.swift */ = {isa = PBXFileReference; lastKnownFileType = sourcecode.swift; path = ArchivedApp.swift; sourceTree = "<group>"; };
		76697565263635FD005B97A7 /* ContentView.swift */ = {isa = PBXFileReference; lastKnownFileType = sourcecode.swift; path = ContentView.swift; sourceTree = "<group>"; };
		76697567263635FE005B97A7 /* Assets.xcassets */ = {isa = PBXFileReference; lastKnownFileType = folder.assetcatalog; path = Assets.xcassets; sourceTree = "<group>"; };
		7669756A263635FE005B97A7 /* Preview Assets.xcassets */ = {isa = PBXFileReference; lastKnownFileType = folder.assetcatalog; path = "Preview Assets.xcassets"; sourceTree = "<group>"; };
		7669756C263635FE005B97A7 /* Info.plist */ = {isa = PBXFileReference; lastKnownFileType = text.plist.xml; path = Info.plist; sourceTree = "<group>"; };
		7669756D263635FE005B97A7 /* Archived.entitlements */ = {isa = PBXFileReference; lastKnownFileType = text.plist.entitlements; path = Archived.entitlements; sourceTree = "<group>"; };
		7669757C26364415005B97A7 /* ShellOut.swift */ = {isa = PBXFileReference; fileEncoding = 4; lastKnownFileType = sourcecode.swift; path = ShellOut.swift; sourceTree = "<group>"; };
		76916DCA27E7EEBD000CB6DE /* ARShimCreateGroup.swift */ = {isa = PBXFileReference; lastKnownFileType = sourcecode.swift; path = ARShimCreateGroup.swift; sourceTree = "<group>"; };
		76916DCC27E80A51000CB6DE /* ARNewArchiveView.swift */ = {isa = PBXFileReference; lastKnownFileType = sourcecode.swift; path = ARNewArchiveView.swift; sourceTree = "<group>"; };
		76952A4027F3DBFE00B4A8FD /* AREditGroupView.swift */ = {isa = PBXFileReference; lastKnownFileType = sourcecode.swift; path = AREditGroupView.swift; sourceTree = "<group>"; };
		76952A4227F3EF7900B4A8FD /* README.md */ = {isa = PBXFileReference; lastKnownFileType = net.daringfireball.markdown; path = README.md; sourceTree = "<group>"; };
		76952A4327F407B600B4A8FD /* AREditArchiveView.swift */ = {isa = PBXFileReference; lastKnownFileType = sourcecode.swift; path = AREditArchiveView.swift; sourceTree = "<group>"; };
		76BC2CA02648DAD900A5AAF5 /* ARSetupController.swift */ = {isa = PBXFileReference; lastKnownFileType = sourcecode.swift; path = ARSetupController.swift; sourceTree = "<group>"; };
		76BC2CA52648E23D00A5AAF5 /* ARCreateGroupView.swift */ = {isa = PBXFileReference; lastKnownFileType = sourcecode.swift; path = ARCreateGroupView.swift; sourceTree = "<group>"; };
		76DE829227FAB9A100606FD8 /* ARPreferences.swift */ = {isa = PBXFileReference; lastKnownFileType = sourcecode.swift; path = ARPreferences.swift; sourceTree = "<group>"; };
		76E26E4B27E7E16600095C3C /* ARCategories.swift */ = {isa = PBXFileReference; lastKnownFileType = sourcecode.swift; path = ARCategories.swift; sourceTree = "<group>"; };
		76E4903F2B79959100FC5BC0 /* ArchivedBanner.png */ = {isa = PBXFileReference; lastKnownFileType = image.png; path = ArchivedBanner.png; sourceTree = "<group>"; };
		76E490412B7BC46600FC5BC0 /* Screenshot0.png */ = {isa = PBXFileReference; lastKnownFileType = image.png; path = Screenshot0.png; sourceTree = "<group>"; };
/* End PBXFileReference section */

/* Begin PBXFrameworksBuildPhase section */
		7669755D263635FD005B97A7 /* Frameworks */ = {
			isa = PBXFrameworksBuildPhase;
			buildActionMask = 2147483647;
			files = (
				76E26E4927E7DE3800095C3C /* VeliaUI in Frameworks */,
				764E3B152648D5DF00DA540E /* Files in Frameworks */,
			);
			runOnlyForDeploymentPostprocessing = 0;
		};
/* End PBXFrameworksBuildPhase section */

/* Begin PBXGroup section */
		76697557263635FD005B97A7 = {
			isa = PBXGroup;
			children = (
				76E4903C2B798FAF00FC5BC0 /* Resources */,
				76952A4227F3EF7900B4A8FD /* README.md */,
				76697562263635FD005B97A7 /* Archived */,
				76697561263635FD005B97A7 /* Products */,
			);
			sourceTree = "<group>";
		};
		76697561263635FD005B97A7 /* Products */ = {
			isa = PBXGroup;
			children = (
				76697560263635FD005B97A7 /* Archived.app */,
			);
			name = Products;
			sourceTree = "<group>";
		};
		76697562263635FD005B97A7 /* Archived */ = {
			isa = PBXGroup;
			children = (
				76BC2C9F2648DAB500A5AAF5 /* CoreCode */,
				76BC2C9E2648DA9A00A5AAF5 /* Views */,
				76E26E4A27E7E14E00095C3C /* Data */,
				76697567263635FE005B97A7 /* Assets.xcassets */,
				7669756C263635FE005B97A7 /* Info.plist */,
				7669756D263635FE005B97A7 /* Archived.entitlements */,
				76697569263635FE005B97A7 /* Preview Content */,
			);
			path = Archived;
			sourceTree = "<group>";
		};
		76697569263635FE005B97A7 /* Preview Content */ = {
			isa = PBXGroup;
			children = (
				7669756A263635FE005B97A7 /* Preview Assets.xcassets */,
			);
			path = "Preview Content";
			sourceTree = "<group>";
		};
		76BC2C9E2648DA9A00A5AAF5 /* Views */ = {
			isa = PBXGroup;
			children = (
				76DE829127FAB99000606FD8 /* Settings */,
				76F21DB827EA9F9F009F5B9B /* Setup - Main */,
				76F21DB927EA9FBA009F5B9B /* Groups */,
			);
			path = Views;
			sourceTree = "<group>";
		};
		76BC2C9F2648DAB500A5AAF5 /* CoreCode */ = {
			isa = PBXGroup;
			children = (
				76697563263635FD005B97A7 /* ArchivedApp.swift */,
				7669757C26364415005B97A7 /* ShellOut.swift */,
			);
			path = CoreCode;
			sourceTree = "<group>";
		};
		76DE829127FAB99000606FD8 /* Settings */ = {
			isa = PBXGroup;
			children = (
				76DE829227FAB9A100606FD8 /* ARPreferences.swift */,
			);
			path = Settings;
			sourceTree = "<group>";
		};
		76E26E4A27E7E14E00095C3C /* Data */ = {
			isa = PBXGroup;
			children = (
				76E26E4B27E7E16600095C3C /* ARCategories.swift */,
				764E3B112648CDC900DA540E /* ARGroup.swift */,
			);
			path = Data;
			sourceTree = "<group>";
		};
		76E4903C2B798FAF00FC5BC0 /* Resources */ = {
			isa = PBXGroup;
			children = (
				76E4903F2B79959100FC5BC0 /* ArchivedBanner.png */,
				76E490412B7BC46600FC5BC0 /* Screenshot0.png */,
			);
			path = Resources;
			sourceTree = "<group>";
		};
		76F21DB827EA9F9F009F5B9B /* Setup - Main */ = {
			isa = PBXGroup;
			children = (
				76697565263635FD005B97A7 /* ContentView.swift */,
				76BC2CA02648DAD900A5AAF5 /* ARSetupController.swift */,
				76BC2CA52648E23D00A5AAF5 /* ARCreateGroupView.swift */,
				76916DCA27E7EEBD000CB6DE /* ARShimCreateGroup.swift */,
				76952A4027F3DBFE00B4A8FD /* AREditGroupView.swift */,
			);
			path = "Setup - Main";
			sourceTree = "<group>";
		};
		76F21DB927EA9FBA009F5B9B /* Groups */ = {
			isa = PBXGroup;
			children = (
				762562A427E7ED6100B80522 /* ARGroupView.swift */,
				76916DCC27E80A51000CB6DE /* ARNewArchiveView.swift */,
				76952A4327F407B600B4A8FD /* AREditArchiveView.swift */,
			);
			path = Groups;
			sourceTree = "<group>";
		};
/* End PBXGroup section */

/* Begin PBXNativeTarget section */
		7669755F263635FD005B97A7 /* Archived */ = {
			isa = PBXNativeTarget;
			buildConfigurationList = 76697570263635FE005B97A7 /* Build configuration list for PBXNativeTarget "Archived" */;
			buildPhases = (
				7669755C263635FD005B97A7 /* Sources */,
				7669755D263635FD005B97A7 /* Frameworks */,
				7669755E263635FD005B97A7 /* Resources */,
			);
			buildRules = (
			);
			dependencies = (
			);
			name = Archived;
			packageProductDependencies = (
				764E3B142648D5DF00DA540E /* Files */,
				76E26E4827E7DE3800095C3C /* VeliaUI */,
			);
			productName = Archived;
			productReference = 76697560263635FD005B97A7 /* Archived.app */;
			productType = "com.apple.product-type.application";
		};
/* End PBXNativeTarget section */

/* Begin PBXProject section */
		76697558263635FD005B97A7 /* Project object */ = {
			isa = PBXProject;
			attributes = {
				LastSwiftUpdateCheck = 1240;
				LastUpgradeCheck = 1400;
				TargetAttributes = {
					7669755F263635FD005B97A7 = {
						CreatedOnToolsVersion = 12.4;
					};
				};
			};
			buildConfigurationList = 7669755B263635FD005B97A7 /* Build configuration list for PBXProject "Archived" */;
			compatibilityVersion = "Xcode 9.3";
			developmentRegion = en;
			hasScannedForEncodings = 0;
			knownRegions = (
				en,
				Base,
			);
			mainGroup = 76697557263635FD005B97A7;
			packageReferences = (
				764E3B132648D5DF00DA540E /* XCRemoteSwiftPackageReference "Files" */,
				76E26E4727E7DE3800095C3C /* XCRemoteSwiftPackageReference "VeliaUI" */,
			);
			productRefGroup = 76697561263635FD005B97A7 /* Products */;
			projectDirPath = "";
			projectRoot = "";
			targets = (
				7669755F263635FD005B97A7 /* Archived */,
			);
		};
/* End PBXProject section */

/* Begin PBXResourcesBuildPhase section */
		7669755E263635FD005B97A7 /* Resources */ = {
			isa = PBXResourcesBuildPhase;
			buildActionMask = 2147483647;
			files = (
				76E490422B7BC46600FC5BC0 /* Screenshot0.png in Resources */,
				76E490402B79959100FC5BC0 /* ArchivedBanner.png in Resources */,
				7669756B263635FE005B97A7 /* Preview Assets.xcassets in Resources */,
				76697568263635FE005B97A7 /* Assets.xcassets in Resources */,
			);
			runOnlyForDeploymentPostprocessing = 0;
		};
/* End PBXResourcesBuildPhase section */

/* Begin PBXSourcesBuildPhase section */
		7669755C263635FD005B97A7 /* Sources */ = {
			isa = PBXSourcesBuildPhase;
			buildActionMask = 2147483647;
			files = (
				76DE829327FAB9A100606FD8 /* ARPreferences.swift in Sources */,
				76952A4427F407B600B4A8FD /* AREditArchiveView.swift in Sources */,
				76E26E4C27E7E16600095C3C /* ARCategories.swift in Sources */,
				764E3B122648CDC900DA540E /* ARGroup.swift in Sources */,
				76697566263635FD005B97A7 /* ContentView.swift in Sources */,
				76952A4127F3DBFE00B4A8FD /* AREditGroupView.swift in Sources */,
				76916DCB27E7EEBD000CB6DE /* ARShimCreateGroup.swift in Sources */,
				7669757D26364415005B97A7 /* ShellOut.swift in Sources */,
				76916DCD27E80A51000CB6DE /* ARNewArchiveView.swift in Sources */,
				76BC2CA62648E23D00A5AAF5 /* ARCreateGroupView.swift in Sources */,
				76697564263635FD005B97A7 /* ArchivedApp.swift in Sources */,
				76BC2CA12648DAD900A5AAF5 /* ARSetupController.swift in Sources */,
				762562A527E7ED6100B80522 /* ARGroupView.swift in Sources */,
			);
			runOnlyForDeploymentPostprocessing = 0;
		};
/* End PBXSourcesBuildPhase section */

/* Begin XCBuildConfiguration section */
		7669756E263635FE005B97A7 /* Debug */ = {
			isa = XCBuildConfiguration;
			buildSettings = {
				ALWAYS_SEARCH_USER_PATHS = NO;
				CLANG_ANALYZER_NONNULL = YES;
				CLANG_ANALYZER_NUMBER_OBJECT_CONVERSION = YES_AGGRESSIVE;
				CLANG_CXX_LANGUAGE_STANDARD = "gnu++14";
				CLANG_CXX_LIBRARY = "libc++";
				CLANG_ENABLE_MODULES = YES;
				CLANG_ENABLE_OBJC_ARC = YES;
				CLANG_ENABLE_OBJC_WEAK = YES;
				CLANG_WARN_BLOCK_CAPTURE_AUTORELEASING = YES;
				CLANG_WARN_BOOL_CONVERSION = YES;
				CLANG_WARN_COMMA = YES;
				CLANG_WARN_CONSTANT_CONVERSION = YES;
				CLANG_WARN_DEPRECATED_OBJC_IMPLEMENTATIONS = YES;
				CLANG_WARN_DIRECT_OBJC_ISA_USAGE = YES_ERROR;
				CLANG_WARN_DOCUMENTATION_COMMENTS = YES;
				CLANG_WARN_EMPTY_BODY = YES;
				CLANG_WARN_ENUM_CONVERSION = YES;
				CLANG_WARN_INFINITE_RECURSION = YES;
				CLANG_WARN_INT_CONVERSION = YES;
				CLANG_WARN_NON_LITERAL_NULL_CONVERSION = YES;
				CLANG_WARN_OBJC_IMPLICIT_RETAIN_SELF = YES;
				CLANG_WARN_OBJC_LITERAL_CONVERSION = YES;
				CLANG_WARN_OBJC_ROOT_CLASS = YES_ERROR;
				CLANG_WARN_QUOTED_INCLUDE_IN_FRAMEWORK_HEADER = YES;
				CLANG_WARN_RANGE_LOOP_ANALYSIS = YES;
				CLANG_WARN_STRICT_PROTOTYPES = YES;
				CLANG_WARN_SUSPICIOUS_MOVE = YES;
				CLANG_WARN_UNGUARDED_AVAILABILITY = YES_AGGRESSIVE;
				CLANG_WARN_UNREACHABLE_CODE = YES;
				CLANG_WARN__DUPLICATE_METHOD_MATCH = YES;
				COPY_PHASE_STRIP = NO;
				DEAD_CODE_STRIPPING = YES;
				DEBUG_INFORMATION_FORMAT = dwarf;
				ENABLE_STRICT_OBJC_MSGSEND = YES;
				ENABLE_TESTABILITY = YES;
				GCC_C_LANGUAGE_STANDARD = gnu11;
				GCC_DYNAMIC_NO_PIC = NO;
				GCC_NO_COMMON_BLOCKS = YES;
				GCC_OPTIMIZATION_LEVEL = 0;
				GCC_PREPROCESSOR_DEFINITIONS = (
					"DEBUG=1",
					"$(inherited)",
				);
				GCC_WARN_64_TO_32_BIT_CONVERSION = YES;
				GCC_WARN_ABOUT_RETURN_TYPE = YES_ERROR;
				GCC_WARN_UNDECLARED_SELECTOR = YES;
				GCC_WARN_UNINITIALIZED_AUTOS = YES_AGGRESSIVE;
				GCC_WARN_UNUSED_FUNCTION = YES;
				GCC_WARN_UNUSED_VARIABLE = YES;
				MACOSX_DEPLOYMENT_TARGET = 11.1;
				MTL_ENABLE_DEBUG_INFO = INCLUDE_SOURCE;
				MTL_FAST_MATH = YES;
				ONLY_ACTIVE_ARCH = YES;
				SDKROOT = macosx;
				SWIFT_ACTIVE_COMPILATION_CONDITIONS = DEBUG;
				SWIFT_OPTIMIZATION_LEVEL = "-Onone";
			};
			name = Debug;
		};
		7669756F263635FE005B97A7 /* Release */ = {
			isa = XCBuildConfiguration;
			buildSettings = {
				ALWAYS_SEARCH_USER_PATHS = NO;
				CLANG_ANALYZER_NONNULL = YES;
				CLANG_ANALYZER_NUMBER_OBJECT_CONVERSION = YES_AGGRESSIVE;
				CLANG_CXX_LANGUAGE_STANDARD = "gnu++14";
				CLANG_CXX_LIBRARY = "libc++";
				CLANG_ENABLE_MODULES = YES;
				CLANG_ENABLE_OBJC_ARC = YES;
				CLANG_ENABLE_OBJC_WEAK = YES;
				CLANG_WARN_BLOCK_CAPTURE_AUTORELEASING = YES;
				CLANG_WARN_BOOL_CONVERSION = YES;
				CLANG_WARN_COMMA = YES;
				CLANG_WARN_CONSTANT_CONVERSION = YES;
				CLANG_WARN_DEPRECATED_OBJC_IMPLEMENTATIONS = YES;
				CLANG_WARN_DIRECT_OBJC_ISA_USAGE = YES_ERROR;
				CLANG_WARN_DOCUMENTATION_COMMENTS = YES;
				CLANG_WARN_EMPTY_BODY = YES;
				CLANG_WARN_ENUM_CONVERSION = YES;
				CLANG_WARN_INFINITE_RECURSION = YES;
				CLANG_WARN_INT_CONVERSION = YES;
				CLANG_WARN_NON_LITERAL_NULL_CONVERSION = YES;
				CLANG_WARN_OBJC_IMPLICIT_RETAIN_SELF = YES;
				CLANG_WARN_OBJC_LITERAL_CONVERSION = YES;
				CLANG_WARN_OBJC_ROOT_CLASS = YES_ERROR;
				CLANG_WARN_QUOTED_INCLUDE_IN_FRAMEWORK_HEADER = YES;
				CLANG_WARN_RANGE_LOOP_ANALYSIS = YES;
				CLANG_WARN_STRICT_PROTOTYPES = YES;
				CLANG_WARN_SUSPICIOUS_MOVE = YES;
				CLANG_WARN_UNGUARDED_AVAILABILITY = YES_AGGRESSIVE;
				CLANG_WARN_UNREACHABLE_CODE = YES;
				CLANG_WARN__DUPLICATE_METHOD_MATCH = YES;
				COPY_PHASE_STRIP = NO;
				DEAD_CODE_STRIPPING = YES;
				DEBUG_INFORMATION_FORMAT = "dwarf-with-dsym";
				ENABLE_NS_ASSERTIONS = NO;
				ENABLE_STRICT_OBJC_MSGSEND = YES;
				GCC_C_LANGUAGE_STANDARD = gnu11;
				GCC_NO_COMMON_BLOCKS = YES;
				GCC_WARN_64_TO_32_BIT_CONVERSION = YES;
				GCC_WARN_ABOUT_RETURN_TYPE = YES_ERROR;
				GCC_WARN_UNDECLARED_SELECTOR = YES;
				GCC_WARN_UNINITIALIZED_AUTOS = YES_AGGRESSIVE;
				GCC_WARN_UNUSED_FUNCTION = YES;
				GCC_WARN_UNUSED_VARIABLE = YES;
				MACOSX_DEPLOYMENT_TARGET = 11.1;
				MTL_ENABLE_DEBUG_INFO = NO;
				MTL_FAST_MATH = YES;
				SDKROOT = macosx;
				SWIFT_COMPILATION_MODE = wholemodule;
				SWIFT_OPTIMIZATION_LEVEL = "-O";
			};
			name = Release;
		};
		76697571263635FE005B97A7 /* Debug */ = {
			isa = XCBuildConfiguration;
			buildSettings = {
				ASSETCATALOG_COMPILER_APPICON_NAME = AppIcon;
				ASSETCATALOG_COMPILER_GLOBAL_ACCENT_COLOR_NAME = AccentColor;
				CODE_SIGN_ENTITLEMENTS = Archived/Archived.entitlements;
				CODE_SIGN_IDENTITY = "-";
				"CODE_SIGN_IDENTITY[sdk=macosx*]" = "Apple Development";
				CODE_SIGN_STYLE = Automatic;
				COMBINE_HIDPI_IMAGES = YES;
				CURRENT_PROJECT_VERSION = "7 ";
				DEAD_CODE_STRIPPING = YES;
				DEVELOPMENT_ASSET_PATHS = "\"Archived/Preview Content\"";
				DEVELOPMENT_TEAM = ZAB2ZHZQFK;
				ENABLE_HARDENED_RUNTIME = YES;
				ENABLE_PREVIEWS = YES;
				INFOPLIST_FILE = Archived/Info.plist;
				INFOPLIST_KEY_LSApplicationCategoryType = "public.app-category.productivity";
				LD_RUNPATH_SEARCH_PATHS = (
					"$(inherited)",
					"@executable_path/../Frameworks",
				);
				MACOSX_DEPLOYMENT_TARGET = 11.0;
				MARKETING_VERSION = v0.0.1;
				PRODUCT_BUNDLE_IDENTIFIER = me.ben216k.Archived;
				PRODUCT_NAME = "$(TARGET_NAME)";
				SWIFT_VERSION = 5.0;
			};
			name = Debug;
		};
		76697572263635FE005B97A7 /* Release */ = {
			isa = XCBuildConfiguration;
			buildSettings = {
				ASSETCATALOG_COMPILER_APPICON_NAME = AppIcon;
				ASSETCATALOG_COMPILER_GLOBAL_ACCENT_COLOR_NAME = AccentColor;
				CODE_SIGN_ENTITLEMENTS = Archived/Archived.entitlements;
				CODE_SIGN_IDENTITY = "-";
				"CODE_SIGN_IDENTITY[sdk=macosx*]" = "Apple Development";
				CODE_SIGN_STYLE = Automatic;
				COMBINE_HIDPI_IMAGES = YES;
				CURRENT_PROJECT_VERSION = "7 ";
				DEAD_CODE_STRIPPING = YES;
				DEVELOPMENT_ASSET_PATHS = "\"Archived/Preview Content\"";
				DEVELOPMENT_TEAM = ZAB2ZHZQFK;
				ENABLE_HARDENED_RUNTIME = YES;
				ENABLE_PREVIEWS = YES;
				INFOPLIST_FILE = Archived/Info.plist;
				INFOPLIST_KEY_LSApplicationCategoryType = "public.app-category.productivity";
				LD_RUNPATH_SEARCH_PATHS = (
					"$(inherited)",
					"@executable_path/../Frameworks",
				);
				MACOSX_DEPLOYMENT_TARGET = 11.0;
				MARKETING_VERSION = v0.0.1;
				PRODUCT_BUNDLE_IDENTIFIER = me.ben216k.Archived;
				PRODUCT_NAME = "$(TARGET_NAME)";
				SWIFT_VERSION = 5.0;
			};
			name = Release;
		};
/* End XCBuildConfiguration section */

/* Begin XCConfigurationList section */
		7669755B263635FD005B97A7 /* Build configuration list for PBXProject "Archived" */ = {
			isa = XCConfigurationList;
			buildConfigurations = (
				7669756E263635FE005B97A7 /* Debug */,
				7669756F263635FE005B97A7 /* Release */,
			);
			defaultConfigurationIsVisible = 0;
			defaultConfigurationName = Release;
		};
		76697570263635FE005B97A7 /* Build configuration list for PBXNativeTarget "Archived" */ = {
			isa = XCConfigurationList;
			buildConfigurations = (
				76697571263635FE005B97A7 /* Debug */,
				76697572263635FE005B97A7 /* Release */,
			);
			defaultConfigurationIsVisible = 0;
			defaultConfigurationName = Release;
		};
/* End XCConfigurationList section */

/* Begin XCRemoteSwiftPackageReference section */
		764E3B132648D5DF00DA540E /* XCRemoteSwiftPackageReference "Files" */ = {
			isa = XCRemoteSwiftPackageReference;
			repositoryURL = "https://github.com/JohnSundell/Files";
			requirement = {
				kind = upToNextMajorVersion;
				minimumVersion = 4.2.0;
			};
		};
		76E26E4727E7DE3800095C3C /* XCRemoteSwiftPackageReference "VeliaUI" */ = {
			isa = XCRemoteSwiftPackageReference;
			repositoryURL = "https://github.com/Ben216k/VeliaUI";
			requirement = {
				branch = main;
				kind = branch;
			};
		};
/* End XCRemoteSwiftPackageReference section */

/* Begin XCSwiftPackageProductDependency section */
		764E3B142648D5DF00DA540E /* Files */ = {
			isa = XCSwiftPackageProductDependency;
			package = 764E3B132648D5DF00DA540E /* XCRemoteSwiftPackageReference "Files" */;
			productName = Files;
		};
		76E26E4827E7DE3800095C3C /* VeliaUI */ = {
			isa = XCSwiftPackageProductDependency;
			package = 76E26E4727E7DE3800095C3C /* XCRemoteSwiftPackageReference "VeliaUI" */;
			productName = VeliaUI;
		};
/* End XCSwiftPackageProductDependency section */
	};
	rootObject = 76697558263635FD005B97A7 /* Project object */;
}
